// !$*UTF8*$!
{
	archiveVersion = 1;
	classes = {
	};
	objectVersion = 46;
	objects = {

/* Begin PBXBuildFile section */
		FD7561951E7304A30059DE3D /* AppDelegate.swift in Sources */ = {isa = PBXBuildFile; fileRef = FD7561941E7304A30059DE3D /* AppDelegate.swift */; };
		FD75619A1E7304A30059DE3D /* Main.storyboard in Resources */ = {isa = PBXBuildFile; fileRef = FD7561981E7304A30059DE3D /* Main.storyboard */; };
		FD75619C1E7304A30059DE3D /* Assets.xcassets in Resources */ = {isa = PBXBuildFile; fileRef = FD75619B1E7304A30059DE3D /* Assets.xcassets */; };
		FD75619F1E7304A30059DE3D /* LaunchScreen.storyboard in Resources */ = {isa = PBXBuildFile; fileRef = FD75619D1E7304A30059DE3D /* LaunchScreen.storyboard */; };
		FD7561A71E7305AC0059DE3D /* PersonListTableViewController.swift in Sources */ = {isa = PBXBuildFile; fileRef = FD7561A61E7305AC0059DE3D /* PersonListTableViewController.swift */; };
		FD7561B21E7306530059DE3D /* Person+Convenience.swift in Sources */ = {isa = PBXBuildFile; fileRef = FD7561B11E7306530059DE3D /* Person+Convenience.swift */; };
		FD7561B41E73065D0059DE3D /* CoreDataStack.swift in Sources */ = {isa = PBXBuildFile; fileRef = FD7561B31E73065D0059DE3D /* CoreDataStack.swift */; };
		FD7561B61E7306C50059DE3D /* PersonController.swift in Sources */ = {isa = PBXBuildFile; fileRef = FD7561B51E7306C50059DE3D /* PersonController.swift */; };
		FD7561B91E730DC10059DE3D /* SixWeekTechnicalChallenge.xcdatamodeld in Sources */ = {isa = PBXBuildFile; fileRef = FD7561B71E730DC10059DE3D /* SixWeekTechnicalChallenge.xcdatamodeld */; };
/* End PBXBuildFile section */

/* Begin PBXFileReference section */
		FD7561911E7304A30059DE3D /* SixWeekTechnicalChallenge.app */ = {isa = PBXFileReference; explicitFileType = wrapper.application; includeInIndex = 0; path = SixWeekTechnicalChallenge.app; sourceTree = BUILT_PRODUCTS_DIR; };
		FD7561941E7304A30059DE3D /* AppDelegate.swift */ = {isa = PBXFileReference; lastKnownFileType = sourcecode.swift; path = AppDelegate.swift; sourceTree = "<group>"; };
		FD7561991E7304A30059DE3D /* Base */ = {isa = PBXFileReference; lastKnownFileType = file.storyboard; name = Base; path = Base.lproj/Main.storyboard; sourceTree = "<group>"; };
		FD75619B1E7304A30059DE3D /* Assets.xcassets */ = {isa = PBXFileReference; lastKnownFileType = folder.assetcatalog; path = Assets.xcassets; sourceTree = "<group>"; };
		FD75619E1E7304A30059DE3D /* Base */ = {isa = PBXFileReference; lastKnownFileType = file.storyboard; name = Base; path = Base.lproj/LaunchScreen.storyboard; sourceTree = "<group>"; };
		FD7561A01E7304A30059DE3D /* Info.plist */ = {isa = PBXFileReference; lastKnownFileType = text.plist.xml; path = Info.plist; sourceTree = "<group>"; };
		FD7561A61E7305AC0059DE3D /* PersonListTableViewController.swift */ = {isa = PBXFileReference; fileEncoding = 4; lastKnownFileType = sourcecode.swift; path = PersonListTableViewController.swift; sourceTree = "<group>"; };
		FD7561B11E7306530059DE3D /* Person+Convenience.swift */ = {isa = PBXFileReference; fileEncoding = 4; lastKnownFileType = sourcecode.swift; path = "Person+Convenience.swift"; sourceTree = "<group>"; };
		FD7561B31E73065D0059DE3D /* CoreDataStack.swift */ = {isa = PBXFileReference; fileEncoding = 4; lastKnownFileType = sourcecode.swift; path = CoreDataStack.swift; sourceTree = "<group>"; };
		FD7561B51E7306C50059DE3D /* PersonController.swift */ = {isa = PBXFileReference; fileEncoding = 4; lastKnownFileType = sourcecode.swift; path = PersonController.swift; sourceTree = "<group>"; };
		FD7561B81E730DC10059DE3D /* SixWeekTechnicalChallenge.xcdatamodel */ = {isa = PBXFileReference; lastKnownFileType = wrapper.xcdatamodel; path = SixWeekTechnicalChallenge.xcdatamodel; sourceTree = "<group>"; };
/* End PBXFileReference section */

/* Begin PBXFrameworksBuildPhase section */
		FD75618E1E7304A30059DE3D /* Frameworks */ = {
			isa = PBXFrameworksBuildPhase;
			buildActionMask = 2147483647;
			files = (
			);
			runOnlyForDeploymentPostprocessing = 0;
		};
/* End PBXFrameworksBuildPhase section */

/* Begin PBXGroup section */
		FD7561881E7304A30059DE3D = {
			isa = PBXGroup;
			children = (
				FD7561931E7304A30059DE3D /* SixWeekTechnicalChallenge */,
				FD7561921E7304A30059DE3D /* Products */,
			);
			sourceTree = "<group>";
		};
		FD7561921E7304A30059DE3D /* Products */ = {
			isa = PBXGroup;
			children = (
				FD7561911E7304A30059DE3D /* SixWeekTechnicalChallenge.app */,
			);
			name = Products;
			sourceTree = "<group>";
		};
		FD7561931E7304A30059DE3D /* SixWeekTechnicalChallenge */ = {
			isa = PBXGroup;
			children = (
				FD7561AC1E7305C10059DE3D /* Storyboard */,
				FD7561AB1E7305C00059DE3D /* Model */,
				FD7561AA1E7305C00059DE3D /* ModelController */,
				FD7561A91E7305BF0059DE3D /* ViewController */,
				FD7561A81E7305BD0059DE3D /* Helpers */,
				FD7561AD1E7305E40059DE3D /* Resources */,
			);
			path = SixWeekTechnicalChallenge;
			sourceTree = "<group>";
		};
		FD7561A81E7305BD0059DE3D /* Helpers */ = {
			isa = PBXGroup;
			children = (
				FD7561B31E73065D0059DE3D /* CoreDataStack.swift */,
			);
			name = Helpers;
			sourceTree = "<group>";
		};
		FD7561A91E7305BF0059DE3D /* ViewController */ = {
			isa = PBXGroup;
			children = (
				FD7561A61E7305AC0059DE3D /* PersonListTableViewController.swift */,
			);
			name = ViewController;
			sourceTree = "<group>";
		};
		FD7561AA1E7305C00059DE3D /* ModelController */ = {
			isa = PBXGroup;
			children = (
				FD7561B51E7306C50059DE3D /* PersonController.swift */,
			);
			name = ModelController;
			sourceTree = "<group>";
		};
		FD7561AB1E7305C00059DE3D /* Model */ = {
			isa = PBXGroup;
			children = (
				FD7561B11E7306530059DE3D /* Person+Convenience.swift */,
				FD7561B71E730DC10059DE3D /* SixWeekTechnicalChallenge.xcdatamodeld */,
			);
			name = Model;
			sourceTree = "<group>";
		};
		FD7561AC1E7305C10059DE3D /* Storyboard */ = {
			isa = PBXGroup;
			children = (
				FD7561981E7304A30059DE3D /* Main.storyboard */,
			);
			name = Storyboard;
			sourceTree = "<group>";
		};
		FD7561AD1E7305E40059DE3D /* Resources */ = {
			isa = PBXGroup;
			children = (
				FD75619D1E7304A30059DE3D /* LaunchScreen.storyboard */,
				FD7561941E7304A30059DE3D /* AppDelegate.swift */,
				FD75619B1E7304A30059DE3D /* Assets.xcassets */,
				FD7561A01E7304A30059DE3D /* Info.plist */,
			);
			name = Resources;
			sourceTree = "<group>";
		};
/* End PBXGroup section */

/* Begin PBXNativeTarget section */
		FD7561901E7304A30059DE3D /* SixWeekTechnicalChallenge */ = {
			isa = PBXNativeTarget;
			buildConfigurationList = FD7561A31E7304A30059DE3D /* Build configuration list for PBXNativeTarget "SixWeekTechnicalChallenge" */;
			buildPhases = (
				FD75618D1E7304A30059DE3D /* Sources */,
				FD75618E1E7304A30059DE3D /* Frameworks */,
				FD75618F1E7304A30059DE3D /* Resources */,
			);
			buildRules = (
			);
			dependencies = (
			);
			name = SixWeekTechnicalChallenge;
			productName = SixWeekTechnicalChallenge;
			productReference = FD7561911E7304A30059DE3D /* SixWeekTechnicalChallenge.app */;
			productType = "com.apple.product-type.application";
		};
/* End PBXNativeTarget section */

/* Begin PBXProject section */
		FD7561891E7304A30059DE3D /* Project object */ = {
			isa = PBXProject;
			attributes = {
				LastSwiftUpdateCheck = 0820;
				LastUpgradeCheck = 0820;
				ORGANIZATIONNAME = "Christian McMullin";
				TargetAttributes = {
					FD7561901E7304A30059DE3D = {
						CreatedOnToolsVersion = 8.2.1;
						DevelopmentTeam = 9Q8KVW72F5;
						ProvisioningStyle = Automatic;
					};
				};
			};
			buildConfigurationList = FD75618C1E7304A30059DE3D /* Build configuration list for PBXProject "SixWeekTechnicalChallenge" */;
			compatibilityVersion = "Xcode 3.2";
			developmentRegion = English;
			hasScannedForEncodings = 0;
			knownRegions = (
				en,
				Base,
			);
			mainGroup = FD7561881E7304A30059DE3D;
			productRefGroup = FD7561921E7304A30059DE3D /* Products */;
			projectDirPath = "";
			projectRoot = "";
			targets = (
				FD7561901E7304A30059DE3D /* SixWeekTechnicalChallenge */,
			);
		};
/* End PBXProject section */

/* Begin PBXResourcesBuildPhase section */
		FD75618F1E7304A30059DE3D /* Resources */ = {
			isa = PBXResourcesBuildPhase;
			buildActionMask = 2147483647;
			files = (
				FD75619F1E7304A30059DE3D /* LaunchScreen.storyboard in Resources */,
				FD75619C1E7304A30059DE3D /* Assets.xcassets in Resources */,
				FD75619A1E7304A30059DE3D /* Main.storyboard in Resources */,
			);
			runOnlyForDeploymentPostprocessing = 0;
		};
/* End PBXResourcesBuildPhase section */

/* Begin PBXSourcesBuildPhase section */
		FD75618D1E7304A30059DE3D /* Sources */ = {
			isa = PBXSourcesBuildPhase;
			buildActionMask = 2147483647;
			files = (
				FD7561B41E73065D0059DE3D /* CoreDataStack.swift in Sources */,
				FD7561A71E7305AC0059DE3D /* PersonListTableViewController.swift in Sources */,
				FD7561B91E730DC10059DE3D /* SixWeekTechnicalChallenge.xcdatamodeld in Sources */,
				FD7561951E7304A30059DE3D /* AppDelegate.swift in Sources */,
				FD7561B21E7306530059DE3D /* Person+Convenience.swift in Sources */,
				FD7561B61E7306C50059DE3D /* PersonController.swift in Sources */,
			);
			runOnlyForDeploymentPostprocessing = 0;
		};
/* End PBXSourcesBuildPhase section */

/* Begin PBXVariantGroup section */
		FD7561981E7304A30059DE3D /* Main.storyboard */ = {
			isa = PBXVariantGroup;
			children = (
				FD7561991E7304A30059DE3D /* Base */,
			);
			name = Main.storyboard;
			sourceTree = "<group>";
		};
		FD75619D1E7304A30059DE3D /* LaunchScreen.storyboard */ = {
			isa = PBXVariantGroup;
			children = (
				FD75619E1E7304A30059DE3D /* Base */,
			);
			name = LaunchScreen.storyboard;
			sourceTree = "<group>";
		};
/* End PBXVariantGroup section */

/* Begin XCBuildConfiguration section */
		FD7561A11E7304A30059DE3D /* Debug */ = {
			isa = XCBuildConfiguration;
			buildSettings = {
				ALWAYS_SEARCH_USER_PATHS = NO;
				CLANG_ANALYZER_NONNULL = YES;
				CLANG_CXX_LANGUAGE_STANDARD = "gnu++0x";
				CLANG_CXX_LIBRARY = "libc++";
				CLANG_ENABLE_MODULES = YES;
				CLANG_ENABLE_OBJC_ARC = YES;
				CLANG_WARN_BOOL_CONVERSION = YES;
				CLANG_WARN_CONSTANT_CONVERSION = YES;
				CLANG_WARN_DIRECT_OBJC_ISA_USAGE = YES_ERROR;
				CLANG_WARN_DOCUMENTATION_COMMENTS = YES;
				CLANG_WARN_EMPTY_BODY = YES;
				CLANG_WARN_ENUM_CONVERSION = YES;
				CLANG_WARN_INFINITE_RECURSION = YES;
				CLANG_WARN_INT_CONVERSION = YES;
				CLANG_WARN_OBJC_ROOT_CLASS = YES_ERROR;
				CLANG_WARN_SUSPICIOUS_MOVE = YES;
				CLANG_WARN_UNREACHABLE_CODE = YES;
				CLANG_WARN__DUPLICATE_METHOD_MATCH = YES;
				"CODE_SIGN_IDENTITY[sdk=iphoneos*]" = "iPhone Developer";
				COPY_PHASE_STRIP = NO;
				DEBUG_INFORMATION_FORMAT = dwarf;
				ENABLE_STRICT_OBJC_MSGSEND = YES;
				ENABLE_TESTABILITY = YES;
				GCC_C_LANGUAGE_STANDARD = gnu99;
				GCC_DYNAMIC_NO_PIC = NO;
				GCC_NO_COMMON_BLOCKS = YES;
				GCC_OPTIMIZATION_LEVEL = 0;
				GCC_PREPROCESSOR_DEFINITIONS = (
					"DEBUG=1",
					"$(inherited)",
				);
				GCC_WARN_64_TO_32_BIT_CONVERSION = YES;
				GCC_WARN_ABOUT_RETURN_TYPE = YES_ERROR;
				GCC_WARN_UNDECLARED_SELECTOR = YES;
				GCC_WARN_UNINITIALIZED_AUTOS = YES_AGGRESSIVE;
				GCC_WARN_UNUSED_FUNCTION = YES;
				GCC_WARN_UNUSED_VARIABLE = YES;
				IPHONEOS_DEPLOYMENT_TARGET = 10.2;
				MTL_ENABLE_DEBUG_INFO = YES;
				ONLY_ACTIVE_ARCH = YES;
				SDKROOT = iphoneos;
				SWIFT_ACTIVE_COMPILATION_CONDITIONS = DEBUG;
				SWIFT_OPTIMIZATION_LEVEL = "-Onone";
				TARGETED_DEVICE_FAMILY = "1,2";
			};
			name = Debug;
		};
		FD7561A21E7304A30059DE3D /* Release */ = {
			isa = XCBuildConfiguration;
			buildSettings = {
				ALWAYS_SEARCH_USER_PATHS = NO;
				CLANG_ANALYZER_NONNULL = YES;
				CLANG_CXX_LANGUAGE_STANDARD = "gnu++0x";
				CLANG_CXX_LIBRARY = "libc++";
				CLANG_ENABLE_MODULES = YES;
				CLANG_ENABLE_OBJC_ARC = YES;
				CLANG_WARN_BOOL_CONVERSION = YES;
				CLANG_WARN_CONSTANT_CONVERSION = YES;
				CLANG_WARN_DIRECT_OBJC_ISA_USAGE = YES_ERROR;
				CLANG_WARN_DOCUMENTATION_COMMENTS = YES;
				CLANG_WARN_EMPTY_BODY = YES;
				CLANG_WARN_ENUM_CONVERSION = YES;
				CLANG_WARN_INFINITE_RECURSION = YES;
				CLANG_WARN_INT_CONVERSION = YES;
				CLANG_WARN_OBJC_ROOT_CLASS = YES_ERROR;
				CLANG_WARN_SUSPICIOUS_MOVE = YES;
				CLANG_WARN_UNREACHABLE_CODE = YES;
				CLANG_WARN__DUPLICATE_METHOD_MATCH = YES;
				"CODE_SIGN_IDENTITY[sdk=iphoneos*]" = "iPhone Developer";
				COPY_PHASE_STRIP = NO;
				DEBUG_INFORMATION_FORMAT = "dwarf-with-dsym";
				ENABLE_NS_ASSERTIONS = NO;
				ENABLE_STRICT_OBJC_MSGSEND = YES;
				GCC_C_LANGUAGE_STANDARD = gnu99;
				GCC_NO_COMMON_BLOCKS = YES;
				GCC_WARN_64_TO_32_BIT_CONVERSION = YES;
				GCC_WARN_ABOUT_RETURN_TYPE = YES_ERROR;
				GCC_WARN_UNDECLARED_SELECTOR = YES;
				GCC_WARN_UNINITIALIZED_AUTOS = YES_AGGRESSIVE;
				GCC_WARN_UNUSED_FUNCTION = YES;
				GCC_WARN_UNUSED_VARIABLE = YES;
				IPHONEOS_DEPLOYMENT_TARGET = 10.2;
				MTL_ENABLE_DEBUG_INFO = NO;
				SDKROOT = iphoneos;
				SWIFT_OPTIMIZATION_LEVEL = "-Owholemodule";
				TARGETED_DEVICE_FAMILY = "1,2";
				VALIDATE_PRODUCT = YES;
			};
			name = Release;
		};
		FD7561A41E7304A30059DE3D /* Debug */ = {
			isa = XCBuildConfiguration;
			buildSettings = {
				ASSETCATALOG_COMPILER_APPICON_NAME = AppIcon;
				DEVELOPMENT_TEAM = 9Q8KVW72F5;
				INFOPLIST_FILE = SixWeekTechnicalChallenge/Info.plist;
				LD_RUNPATH_SEARCH_PATHS = "$(inherited) @executable_path/Frameworks";
				PRODUCT_BUNDLE_IDENTIFIER = com.christianmcmullin.SixWeekTechnicalChallenge;
				PRODUCT_NAME = "$(TARGET_NAME)";
				SWIFT_VERSION = 3.0;
			};
			name = Debug;
		};
		FD7561A51E7304A30059DE3D /* Release */ = {
			isa = XCBuildConfiguration;
			buildSettings = {
				ASSETCATALOG_COMPILER_APPICON_NAME = AppIcon;
				DEVELOPMENT_TEAM = 9Q8KVW72F5;
				INFOPLIST_FILE = SixWeekTechnicalChallenge/Info.plist;
				LD_RUNPATH_SEARCH_PATHS = "$(inherited) @executable_path/Frameworks";
				PRODUCT_BUNDLE_IDENTIFIER = com.christianmcmullin.SixWeekTechnicalChallenge;
				PRODUCT_NAME = "$(TARGET_NAME)";
				SWIFT_VERSION = 3.0;
			};
			name = Release;
		};
/* End XCBuildConfiguration section */

/* Begin XCConfigurationList section */
		FD75618C1E7304A30059DE3D /* Build configuration list for PBXProject "SixWeekTechnicalChallenge" */ = {
			isa = XCConfigurationList;
			buildConfigurations = (
				FD7561A11E7304A30059DE3D /* Debug */,
				FD7561A21E7304A30059DE3D /* Release */,
			);
			defaultConfigurationIsVisible = 0;
			defaultConfigurationName = Release;
		};
		FD7561A31E7304A30059DE3D /* Build configuration list for PBXNativeTarget "SixWeekTechnicalChallenge" */ = {
			isa = XCConfigurationList;
			buildConfigurations = (
				FD7561A41E7304A30059DE3D /* Debug */,
				FD7561A51E7304A30059DE3D /* Release */,
			);
			defaultConfigurationIsVisible = 0;
			defaultConfigurationName = Release;
		};
/* End XCConfigurationList section */

/* Begin XCVersionGroup section */
		FD7561B71E730DC10059DE3D /* SixWeekTechnicalChallenge.xcdatamodeld */ = {
			isa = XCVersionGroup;
			children = (
				FD7561B81E730DC10059DE3D /* SixWeekTechnicalChallenge.xcdatamodel */,
			);
			currentVersion = FD7561B81E730DC10059DE3D /* SixWeekTechnicalChallenge.xcdatamodel */;
			path = SixWeekTechnicalChallenge.xcdatamodeld;
			sourceTree = "<group>";
			versionGroupType = wrapper.xcdatamodel;
		};
/* End XCVersionGroup section */
	};
	rootObject = FD7561891E7304A30059DE3D /* Project object */;
}
